
Microsoft Visual Studio Solution File, Format Version 12.00
# Visual Studio Version 16
VisualStudioVersion = 16.0.32126.315
MinimumVisualStudioVersion = 10.0.40219.1
Project("{FAE04EC0-301F-11D3-BF4B-00C04F79EFBC}") = "CookieHound", "CookieHound\CookieHound.csproj", "{0E8ACCBA-256B-4029-802E-463C3B9AA05B}"
EndProject
Global
	GlobalSection(SolutionConfigurationPlatforms) = preSolution
		Debug|Any CPU = Debug|Any CPU
		Debug|x64 = Debug|x64
		Release|Any CPU = Release|Any CPU
		Release|x64 = Release|x64
	EndGlobalSection
	GlobalSection(ProjectConfigurationPlatforms) = postSolution
		{0E8ACCBA-256B-4029-802E-463C3B9AA05B}.Debug|Any CPU.ActiveCfg = Release|Any CPU
		{0E8ACCBA-256B-4029-802E-463C3B9AA05B}.Debug|Any CPU.Build.0 = Release|Any CPU
		{0E8ACCBA-256B-4029-802E-463C3B9AA05B}.Debug|x64.ActiveCfg = Debug|x64
		{0E8ACCBA-256B-4029-802E-463C3B9AA05B}.Debug|x64.Build.0 = Debug|x64
		{0E8ACCBA-256B-4029-802E-463C3B9AA05B}.Release|Any CPU.ActiveCfg = Release|Any CPU
		{0E8ACCBA-256B-4029-802E-463C3B9AA05B}.Release|Any CPU.Build.0 = Release|Any CPU
		{0E8ACCBA-256B-4029-802E-463C3B9AA05B}.Release|x64.ActiveCfg = Release|x64
		{0E8ACCBA-256B-4029-802E-463C3B9AA05B}.Release|x64.Build.0 = Release|x64
	EndGlobalSection
	GlobalSection(SolutionProperties) = preSolution
		HideSolutionNode = FALSE
	EndGlobalSection
	GlobalSection(ExtensibilityGlobals) = postSolution
		SolutionGuid = {75CD1DA3-73EF-4861-821B-317C81C4ADB3}
	EndGlobalSection
EndGlobal
